
Microsoft Visual Studio Solution File, Format Version 12.00
# Visual Studio Version 16
VisualStudioVersion = 16.0.31515.178
MinimumVisualStudioVersion = 10.0.40219.1
Project("{FAE04EC0-301F-11D3-BF4B-00C04F79EFBC}") = "LoginTest.Android", "LoginTest\LoginTest.Android\LoginTest.Android.csproj", "{FE9F1484-3CF8-405C-A861-30D6BA0DC90F}"
EndProject
Project("{FAE04EC0-301F-11D3-BF4B-00C04F79EFBC}") = "LoginTest.iOS", "LoginTest\LoginTest.iOS\LoginTest.iOS.csproj", "{8D997453-A27B-4A44-AFBF-DD1481B0CE1A}"
EndProject
Project("{FAE04EC0-301F-11D3-BF4B-00C04F79EFBC}") = "LoginTest", "LoginTest\LoginTest\LoginTest.csproj", "{11BDF91D-66C6-4754-9266-620B5A060396}"
EndProject
Global
	GlobalSection(SolutionConfigurationPlatforms) = preSolution
		Debug|Any CPU = Debug|Any CPU
		Debug|iPhone = Debug|iPhone
		Debug|iPhoneSimulator = Debug|iPhoneSimulator
		Release|Any CPU = Release|Any CPU
		Release|iPhone = Release|iPhone
		Release|iPhoneSimulator = Release|iPhoneSimulator
	EndGlobalSection
	GlobalSection(ProjectConfigurationPlatforms) = postSolution
		{FE9F1484-3CF8-405C-A861-30D6BA0DC90F}.Debug|Any CPU.ActiveCfg = Debug|Any CPU
		{FE9F1484-3CF8-405C-A861-30D6BA0DC90F}.Debug|Any CPU.Build.0 = Debug|Any CPU
		{FE9F1484-3CF8-405C-A861-30D6BA0DC90F}.Debug|Any CPU.Deploy.0 = Debug|Any CPU
		{FE9F1484-3CF8-405C-A861-30D6BA0DC90F}.Debug|iPhone.ActiveCfg = Debug|Any CPU
		{FE9F1484-3CF8-405C-A861-30D6BA0DC90F}.Debug|iPhone.Build.0 = Debug|Any CPU
		{FE9F1484-3CF8-405C-A861-30D6BA0DC90F}.Debug|iPhone.Deploy.0 = Debug|Any CPU
		{FE9F1484-3CF8-405C-A861-30D6BA0DC90F}.Debug|iPhoneSimulator.ActiveCfg = Debug|Any CPU
		{FE9F1484-3CF8-405C-A861-30D6BA0DC90F}.Debug|iPhoneSimulator.Build.0 = Debug|Any CPU
		{FE9F1484-3CF8-405C-A861-30D6BA0DC90F}.Debug|iPhoneSimulator.Deploy.0 = Debug|Any CPU
		{FE9F1484-3CF8-405C-A861-30D6BA0DC90F}.Release|Any CPU.ActiveCfg = Release|Any CPU
		{FE9F1484-3CF8-405C-A861-30D6BA0DC90F}.Release|Any CPU.Build.0 = Release|Any CPU
		{FE9F1484-3CF8-405C-A861-30D6BA0DC90F}.Release|Any CPU.Deploy.0 = Release|Any CPU
		{FE9F1484-3CF8-405C-A861-30D6BA0DC90F}.Release|iPhone.ActiveCfg = Release|Any CPU
		{FE9F1484-3CF8-405C-A861-30D6BA0DC90F}.Release|iPhone.Build.0 = Release|Any CPU
		{FE9F1484-3CF8-405C-A861-30D6BA0DC90F}.Release|iPhone.Deploy.0 = Release|Any CPU
		{FE9F1484-3CF8-405C-A861-30D6BA0DC90F}.Release|iPhoneSimulator.ActiveCfg = Release|Any CPU
		{FE9F1484-3CF8-405C-A861-30D6BA0DC90F}.Release|iPhoneSimulator.Build.0 = Release|Any CPU
		{FE9F1484-3CF8-405C-A861-30D6BA0DC90F}.Release|iPhoneSimulator.Deploy.0 = Release|Any CPU
		{8D997453-A27B-4A44-AFBF-DD1481B0CE1A}.Debug|Any CPU.ActiveCfg = Debug|iPhone
		{8D997453-A27B-4A44-AFBF-DD1481B0CE1A}.Debug|Any CPU.Build.0 = Debug|iPhone
		{8D997453-A27B-4A44-AFBF-DD1481B0CE1A}.Debug|Any CPU.Deploy.0 = Debug|iPhone
		{8D997453-A27B-4A44-AFBF-DD1481B0CE1A}.Debug|iPhone.ActiveCfg = Debug|iPhone
		{8D997453-A27B-4A44-AFBF-DD1481B0CE1A}.Debug|iPhone.Build.0 = Debug|iPhone
		{8D997453-A27B-4A44-AFBF-DD1481B0CE1A}.Debug|iPhone.Deploy.0 = Debug|iPhone
		{8D997453-A27B-4A44-AFBF-DD1481B0CE1A}.Debug|iPhoneSimulator.ActiveCfg = Debug|iPhoneSimulator
		{8D997453-A27B-4A44-AFBF-DD1481B0CE1A}.Debug|iPhoneSimulator.Build.0 = Debug|iPhoneSimulator
		{8D997453-A27B-4A44-AFBF-DD1481B0CE1A}.Debug|iPhoneSimulator.Deploy.0 = Debug|iPhoneSimulator
		{8D997453-A27B-4A44-AFBF-DD1481B0CE1A}.Release|Any CPU.ActiveCfg = Release|iPhoneSimulator
		{8D997453-A27B-4A44-AFBF-DD1481B0CE1A}.Release|Any CPU.Build.0 = Release|iPhoneSimulator
		{8D997453-A27B-4A44-AFBF-DD1481B0CE1A}.Release|Any CPU.Deploy.0 = Release|iPhoneSimulator
		{8D997453-A27B-4A44-AFBF-DD1481B0CE1A}.Release|iPhone.ActiveCfg = Release|iPhone
		{8D997453-A27B-4A44-AFBF-DD1481B0CE1A}.Release|iPhone.Build.0 = Release|iPhone
		{8D997453-A27B-4A44-AFBF-DD1481B0CE1A}.Release|iPhone.Deploy.0 = Release|iPhone
		{8D997453-A27B-4A44-AFBF-DD1481B0CE1A}.Release|iPhoneSimulator.ActiveCfg = Release|iPhoneSimulator
		{8D997453-A27B-4A44-AFBF-DD1481B0CE1A}.Release|iPhoneSimulator.Build.0 = Release|iPhoneSimulator
		{8D997453-A27B-4A44-AFBF-DD1481B0CE1A}.Release|iPhoneSimulator.Deploy.0 = Release|iPhoneSimulator
		{11BDF91D-66C6-4754-9266-620B5A060396}.Debug|Any CPU.ActiveCfg = Debug|Any CPU
		{11BDF91D-66C6-4754-9266-620B5A060396}.Debug|Any CPU.Build.0 = Debug|Any CPU
		{11BDF91D-66C6-4754-9266-620B5A060396}.Debug|Any CPU.Deploy.0 = Debug|Any CPU
		{11BDF91D-66C6-4754-9266-620B5A060396}.Debug|iPhone.ActiveCfg = Debug|Any CPU
		{11BDF91D-66C6-4754-9266-620B5A060396}.Debug|iPhone.Build.0 = Debug|Any CPU
		{11BDF91D-66C6-4754-9266-620B5A060396}.Debug|iPhone.Deploy.0 = Debug|Any CPU
		{11BDF91D-66C6-4754-9266-620B5A060396}.Debug|iPhoneSimulator.ActiveCfg = Debug|Any CPU
		{11BDF91D-66C6-4754-9266-620B5A060396}.Debug|iPhoneSimulator.Build.0 = Debug|Any CPU
		{11BDF91D-66C6-4754-9266-620B5A060396}.Debug|iPhoneSimulator.Deploy.0 = Debug|Any CPU
		{11BDF91D-66C6-4754-9266-620B5A060396}.Release|Any CPU.ActiveCfg = Release|Any CPU
		{11BDF91D-66C6-4754-9266-620B5A060396}.Release|Any CPU.Build.0 = Release|Any CPU
		{11BDF91D-66C6-4754-9266-620B5A060396}.Release|Any CPU.Deploy.0 = Release|Any CPU
		{11BDF91D-66C6-4754-9266-620B5A060396}.Release|iPhone.ActiveCfg = Release|Any CPU
		{11BDF91D-66C6-4754-9266-620B5A060396}.Release|iPhone.Build.0 = Release|Any CPU
		{11BDF91D-66C6-4754-9266-620B5A060396}.Release|iPhone.Deploy.0 = Release|Any CPU
		{11BDF91D-66C6-4754-9266-620B5A060396}.Release|iPhoneSimulator.ActiveCfg = Release|Any CPU
		{11BDF91D-66C6-4754-9266-620B5A060396}.Release|iPhoneSimulator.Build.0 = Release|Any CPU
		{11BDF91D-66C6-4754-9266-620B5A060396}.Release|iPhoneSimulator.Deploy.0 = Release|Any CPU
	EndGlobalSection
	GlobalSection(SolutionProperties) = preSolution
		HideSolutionNode = FALSE
	EndGlobalSection
	GlobalSection(ExtensibilityGlobals) = postSolution
		SolutionGuid = {B4AA47A8-FF2D-4CD7-BEDD-F2814784945E}
	EndGlobalSection
EndGlobal
